
Microsoft Visual Studio Solution File, Format Version 11.00
# Visual Studio 2010
Project("{FAE04EC0-301F-11D3-BF4B-00C04F79EFBC}") = "DragAndDrop", "DragAndDrop.csproj", "{FEBA5080-5226-9DDE-6EAB-A257B72A290F}"
EndProject
Project("{FAE04EC0-301F-11D3-BF4B-00C04F79EFBC}") = "NewProject", "NewProject.csproj", "{008282C9-EB30-A9B5-EA06-942D14C16350}"
EndProject
Global
	GlobalSection(SolutionConfigurationPlatforms) = preSolution
		Debug|Any CPU = Debug|Any CPU
		Release|Any CPU = Release|Any CPU
	EndGlobalSection
	GlobalSection(ProjectConfigurationPlatforms) = postSolution
		{FEBA5080-5226-9DDE-6EAB-A257B72A290F}.Debug|Any CPU.ActiveCfg = Debug|Any CPU
		{FEBA5080-5226-9DDE-6EAB-A257B72A290F}.Debug|Any CPU.Build.0 = Debug|Any CPU
		{FEBA5080-5226-9DDE-6EAB-A257B72A290F}.Release|Any CPU.ActiveCfg = Release|Any CPU
		{FEBA5080-5226-9DDE-6EAB-A257B72A290F}.Release|Any CPU.Build.0 = Release|Any CPU
		{008282C9-EB30-A9B5-EA06-942D14C16350}.Debug|Any CPU.ActiveCfg = Debug|Any CPU
		{008282C9-EB30-A9B5-EA06-942D14C16350}.Debug|Any CPU.Build.0 = Debug|Any CPU
		{008282C9-EB30-A9B5-EA06-942D14C16350}.Release|Any CPU.ActiveCfg = Release|Any CPU
		{008282C9-EB30-A9B5-EA06-942D14C16350}.Release|Any CPU.Build.0 = Release|Any CPU
	EndGlobalSection
	GlobalSection(SolutionProperties) = preSolution
		HideSolutionNode = FALSE
	EndGlobalSection
EndGlobal
