
Microsoft Visual Studio Solution File, Format Version 11.00
# Visual Studio 2010
Project("{FAE04EC0-301F-11D3-BF4B-00C04F79EFBC}") = "DragAndDrop", "DragAndDrop.csproj", "{F54E5165-DA6E-20AE-45D8-F28F667025C4}"
EndProject
Project("{FAE04EC0-301F-11D3-BF4B-00C04F79EFBC}") = "NewProject", "NewProject.csproj", "{FD64475C-4DF1-7C9A-563B-8108F28B7D7E}"
EndProject
Global
	GlobalSection(SolutionConfigurationPlatforms) = preSolution
		Debug|Any CPU = Debug|Any CPU
		Release|Any CPU = Release|Any CPU
	EndGlobalSection
	GlobalSection(ProjectConfigurationPlatforms) = postSolution
		{F54E5165-DA6E-20AE-45D8-F28F667025C4}.Debug|Any CPU.ActiveCfg = Debug|Any CPU
		{F54E5165-DA6E-20AE-45D8-F28F667025C4}.Debug|Any CPU.Build.0 = Debug|Any CPU
		{F54E5165-DA6E-20AE-45D8-F28F667025C4}.Release|Any CPU.ActiveCfg = Release|Any CPU
		{F54E5165-DA6E-20AE-45D8-F28F667025C4}.Release|Any CPU.Build.0 = Release|Any CPU
		{FD64475C-4DF1-7C9A-563B-8108F28B7D7E}.Debug|Any CPU.ActiveCfg = Debug|Any CPU
		{FD64475C-4DF1-7C9A-563B-8108F28B7D7E}.Debug|Any CPU.Build.0 = Debug|Any CPU
		{FD64475C-4DF1-7C9A-563B-8108F28B7D7E}.Release|Any CPU.ActiveCfg = Release|Any CPU
		{FD64475C-4DF1-7C9A-563B-8108F28B7D7E}.Release|Any CPU.Build.0 = Release|Any CPU
	EndGlobalSection
	GlobalSection(SolutionProperties) = preSolution
		HideSolutionNode = FALSE
	EndGlobalSection
EndGlobal
